{
  "name": "agent-forge-engineering-dossier",
  "version": "0.3.0",
  "lockfileVersion": 3,
  "requires": true,
  "packages": {
    "": {
      "name": "agent-forge-engineering-dossier",
      "version": "0.3.0",
      "license": "MIT",
      "engines": {
        "node": ">=20"
      }
    }
  }
}
